dependencies:
- name: redis
  repository: https://charts.bitnami.com/bitnami
  version: 21.2.12
- name: mariadb
  repository: https://charts.bitnami.com/bitnami
  version: 21.0.3
- name: postgresql
  repository: https://charts.bitnami.com/bitnami
  version: 16.7.19
digest: sha256:b1d47c9adf9134213a6f6a228d1f5453691362fbaccbe44c85cd7c03505f7a71
generated: "2025-07-16T16:59:35.037895202+02:00"
